
Microsoft Visual Studio Solution File, Format Version 11.00
# Visual Studio 2010
Project("{FAE04EC0-301F-11D3-BF4B-00C04F79EFBC}") = "VuforiaScripts", "VuforiaScripts.csproj", "{2AAAF069-70F0-10E4-A2A9-E3705794EBCF}"
EndProject
Project("{FAE04EC0-301F-11D3-BF4B-00C04F79EFBC}") = "Assembly-CSharp", "Assembly-CSharp.csproj", "{1B803F5B-E44F-EB2B-9763-86DB13031E59}"
EndProject
Project("{FAE04EC0-301F-11D3-BF4B-00C04F79EFBC}") = "VuforiaEditorScripts", "VuforiaEditorScripts.csproj", "{CF7BFC38-66CA-A055-8AA2-B2E54825EE63}"
EndProject
Global
	GlobalSection(SolutionConfigurationPlatforms) = preSolution
		Debug|Any CPU = Debug|Any CPU
		Release|Any CPU = Release|Any CPU
	EndGlobalSection
	GlobalSection(ProjectConfigurationPlatforms) = postSolution
		{2AAAF069-70F0-10E4-A2A9-E3705794EBCF}.Debug|Any CPU.ActiveCfg = Debug|Any CPU
		{2AAAF069-70F0-10E4-A2A9-E3705794EBCF}.Debug|Any CPU.Build.0 = Debug|Any CPU
		{2AAAF069-70F0-10E4-A2A9-E3705794EBCF}.Release|Any CPU.ActiveCfg = Release|Any CPU
		{2AAAF069-70F0-10E4-A2A9-E3705794EBCF}.Release|Any CPU.Build.0 = Release|Any CPU
		{1B803F5B-E44F-EB2B-9763-86DB13031E59}.Debug|Any CPU.ActiveCfg = Debug|Any CPU
		{1B803F5B-E44F-EB2B-9763-86DB13031E59}.Debug|Any CPU.Build.0 = Debug|Any CPU
		{1B803F5B-E44F-EB2B-9763-86DB13031E59}.Release|Any CPU.ActiveCfg = Release|Any CPU
		{1B803F5B-E44F-EB2B-9763-86DB13031E59}.Release|Any CPU.Build.0 = Release|Any CPU
		{CF7BFC38-66CA-A055-8AA2-B2E54825EE63}.Debug|Any CPU.ActiveCfg = Debug|Any CPU
		{CF7BFC38-66CA-A055-8AA2-B2E54825EE63}.Debug|Any CPU.Build.0 = Debug|Any CPU
		{CF7BFC38-66CA-A055-8AA2-B2E54825EE63}.Release|Any CPU.ActiveCfg = Release|Any CPU
		{CF7BFC38-66CA-A055-8AA2-B2E54825EE63}.Release|Any CPU.Build.0 = Release|Any CPU
	EndGlobalSection
	GlobalSection(SolutionProperties) = preSolution
		HideSolutionNode = FALSE
	EndGlobalSection
	GlobalSection(MonoDevelopProperties) = preSolution
		StartupItem = Assembly-CSharp.csproj
	EndGlobalSection
EndGlobal
